schema: '2.0'
stages:
  validate:
    cmd: python scripts/dataset/validation.py --input 
      datasets/custom_dataset/v1/raw/raw_dataset.csv
    deps:
    - path: config/validation_config.py
      hash: md5
      md5: 930b452bea09784fea773c1147f4c130
      size: 761
    - path: datasets/custom_dataset/v1/raw/raw_dataset.csv
      hash: md5
      md5: 6494b8b4807d32bfe98589551117da34
      size: 370501
    - path: src/dataset/validation.py
      hash: md5
      md5: c0ec98a65bee66c5a326e6be6eb23c52
      size: 7525
    - path: src/pipeline/base_pipeline.py
      hash: md5
      md5: 8ddf8ae4719514539f2ec75a48f2c039
      size: 2146
    - path: src/pipeline/validation_pipeline.py
      hash: md5
      md5: 220467ffc557b6f0846143118dba956a
      size: 5500
    outs:
    - path: datasets/custom_dataset/v1/meta/validation_report.json
      hash: md5
      md5: 3331b1ecc0e885c261f80562f30a94bd
      size: 2048
  clean:
    cmd: python scripts/dataset/cleaning.py --input 
      datasets/custom_dataset/v1/raw/raw_dataset.csv
    deps:
    - path: config/cleaning_config.py
      hash: md5
      md5: 14f5698f139d537587851d756aa738cd
      size: 1305
    - path: datasets/custom_dataset/v1/raw/raw_dataset.csv
      hash: md5
      md5: 6494b8b4807d32bfe98589551117da34
      size: 370501
    - path: src/dataset/cleaning.py
      hash: md5
      md5: aaea1436b3cc7e2b882307f5c06f94bf
      size: 7494
    - path: src/dataset/feature_engineering.py
      hash: md5
      md5: 247833086258ae79aee6e21a6f138c4b
      size: 4299
    - path: src/dataset/preprocessing.py
      hash: md5
      md5: 80f4306d20ed98ad966db1199fb5f1a2
      size: 2948
    - path: src/pipeline/base_pipeline.py
      hash: md5
      md5: 8ddf8ae4719514539f2ec75a48f2c039
      size: 2146
    - path: src/pipeline/cleaning_pipeline.py
      hash: md5
      md5: df7ff6e4839412c9039b26cf8296b8b4
      size: 7747
    outs:
    - path: datasets/custom_dataset/v1/meta/cleaning_log.json
      hash: md5
      md5: 753cae18d2541625483d7209bb9d88b6
      size: 1300
    - path: datasets/custom_dataset/v1/processed/processed_dataset.csv
      hash: md5
      md5: 61c3875ce919aa63172773e03662b860
      size: 277056
  preprocess:
    cmd: python scripts/dataset/preprocessing.py --input 
      datasets/custom_dataset/v1/processed/processed_dataset.csv
    deps:
    - path: config/preprocessing_config.py
      hash: md5
      md5: 2027f4e2dd3dfb1dcae276a5ff5109d7
      size: 782
    - path: datasets/custom_dataset/v1/processed/processed_dataset.csv
      hash: md5
      md5: 4d974744942f1ec27cc4ec609e1e53fd
      size: 417420
    - path: src/dataset/loader.py
      hash: md5
      md5: f7b576c33eae2b3c80db7eeb8e9e30e4
      size: 5635
    - path: src/dataset/preprocessing.py
      hash: md5
      md5: 80f4306d20ed98ad966db1199fb5f1a2
      size: 2948
    - path: src/pipeline/base_pipeline.py
      hash: md5
      md5: 8ddf8ae4719514539f2ec75a48f2c039
      size: 2146
    - path: src/pipeline/preprocessing_pipeline.py
      hash: md5
      md5: 61a29ebe3d1283a8b6a6626d3d87b757
      size: 4922
    outs:
    - path: datasets/custom_dataset/v1/meta/preprocessing_params.json
      hash: md5
      md5: 027fc5bdb704b37561e6e2110b84c0a3
      size: 310
